
Microsoft Visual Studio Solution File, Format Version 12.00
# Visual Studio Version 17
VisualStudioVersion = 17.2.32616.157
MinimumVisualStudioVersion = 10.0.40219.1
Project("{9A19103F-16F7-4668-BE54-9A1E7A4F7556}") = "PruebaTecnicaNet.Domain", "PruebaTecnicaNet.Domain\PruebaTecnicaNet.Domain.csproj", "{0A730CBC-07E4-40E8-AC96-C9194E08A3DC}"
EndProject
Project("{2150E333-8FDC-42A3-9474-1A3956D46DE8}") = "API", "API", "{D0D45CFC-D397-42E9-8C68-D6292A562618}"
EndProject
Project("{2150E333-8FDC-42A3-9474-1A3956D46DE8}") = "WEB", "WEB", "{76421506-C15E-44DD-ABC1-D14F45D73190}"
EndProject
Project("{9A19103F-16F7-4668-BE54-9A1E7A4F7556}") = "PruebaTecnicaNet.Web", "PruebaTecnicaNet.Web\PruebaTecnicaNet.Web.csproj", "{9434D3CE-4C71-4A9B-B4FA-5E35F7B25628}"
EndProject
Project("{2150E333-8FDC-42A3-9474-1A3956D46DE8}") = "Domain", "Domain", "{7721DF86-94EB-4FA3-B1CE-B5DE324174A1}"
EndProject
Project("{2150E333-8FDC-42A3-9474-1A3956D46DE8}") = "Contract", "Contract", "{918B60C6-56BF-49B0-9002-7C838085AE28}"
EndProject
Project("{2150E333-8FDC-42A3-9474-1A3956D46DE8}") = "Business", "Business", "{BA6B014C-E709-4D7F-B8FF-630CBBBB84AA}"
EndProject
Project("{2150E333-8FDC-42A3-9474-1A3956D46DE8}") = "Service", "Service", "{FDFB95D3-1F30-4F15-AAB2-6095C36E416C}"
EndProject
Project("{2150E333-8FDC-42A3-9474-1A3956D46DE8}") = "Common", "Common", "{1F11C710-1BFA-418E-A617-AB00B72E2F49}"
EndProject
Project("{9A19103F-16F7-4668-BE54-9A1E7A4F7556}") = "PruebaTecnicaNet.Contract", "PruebaTecnicaNet.Contract\PruebaTecnicaNet.Contract.csproj", "{6EF76B33-5E76-4099-94F0-DA4199B0B0BA}"
EndProject
Project("{9A19103F-16F7-4668-BE54-9A1E7A4F7556}") = "PruebaTecnicaNet.Business", "PruebaTecnicaNet.Business\PruebaTecnicaNet.Business.csproj", "{AEF61B96-04AE-4D7B-982D-7445E91E092D}"
EndProject
Project("{FAE04EC0-301F-11D3-BF4B-00C04F79EFBC}") = "PruebaTecnicaNet.API", "PruebaTecnicaNet.API\PruebaTecnicaNet.API.csproj", "{E3DCABCA-7495-4D4C-82D8-82F22C2A9D3D}"
EndProject
Global
	GlobalSection(SolutionConfigurationPlatforms) = preSolution
		Debug|Any CPU = Debug|Any CPU
		Release|Any CPU = Release|Any CPU
	EndGlobalSection
	GlobalSection(ProjectConfigurationPlatforms) = postSolution
		{0A730CBC-07E4-40E8-AC96-C9194E08A3DC}.Debug|Any CPU.ActiveCfg = Debug|Any CPU
		{0A730CBC-07E4-40E8-AC96-C9194E08A3DC}.Debug|Any CPU.Build.0 = Debug|Any CPU
		{0A730CBC-07E4-40E8-AC96-C9194E08A3DC}.Release|Any CPU.ActiveCfg = Release|Any CPU
		{0A730CBC-07E4-40E8-AC96-C9194E08A3DC}.Release|Any CPU.Build.0 = Release|Any CPU
		{9434D3CE-4C71-4A9B-B4FA-5E35F7B25628}.Debug|Any CPU.ActiveCfg = Debug|Any CPU
		{9434D3CE-4C71-4A9B-B4FA-5E35F7B25628}.Debug|Any CPU.Build.0 = Debug|Any CPU
		{9434D3CE-4C71-4A9B-B4FA-5E35F7B25628}.Release|Any CPU.ActiveCfg = Release|Any CPU
		{9434D3CE-4C71-4A9B-B4FA-5E35F7B25628}.Release|Any CPU.Build.0 = Release|Any CPU
		{6EF76B33-5E76-4099-94F0-DA4199B0B0BA}.Debug|Any CPU.ActiveCfg = Debug|Any CPU
		{6EF76B33-5E76-4099-94F0-DA4199B0B0BA}.Debug|Any CPU.Build.0 = Debug|Any CPU
		{6EF76B33-5E76-4099-94F0-DA4199B0B0BA}.Release|Any CPU.ActiveCfg = Release|Any CPU
		{6EF76B33-5E76-4099-94F0-DA4199B0B0BA}.Release|Any CPU.Build.0 = Release|Any CPU
		{AEF61B96-04AE-4D7B-982D-7445E91E092D}.Debug|Any CPU.ActiveCfg = Debug|Any CPU
		{AEF61B96-04AE-4D7B-982D-7445E91E092D}.Debug|Any CPU.Build.0 = Debug|Any CPU
		{AEF61B96-04AE-4D7B-982D-7445E91E092D}.Release|Any CPU.ActiveCfg = Release|Any CPU
		{AEF61B96-04AE-4D7B-982D-7445E91E092D}.Release|Any CPU.Build.0 = Release|Any CPU
		{E3DCABCA-7495-4D4C-82D8-82F22C2A9D3D}.Debug|Any CPU.ActiveCfg = Debug|Any CPU
		{E3DCABCA-7495-4D4C-82D8-82F22C2A9D3D}.Debug|Any CPU.Build.0 = Debug|Any CPU
		{E3DCABCA-7495-4D4C-82D8-82F22C2A9D3D}.Release|Any CPU.ActiveCfg = Release|Any CPU
		{E3DCABCA-7495-4D4C-82D8-82F22C2A9D3D}.Release|Any CPU.Build.0 = Release|Any CPU
	EndGlobalSection
	GlobalSection(SolutionProperties) = preSolution
		HideSolutionNode = FALSE
	EndGlobalSection
	GlobalSection(NestedProjects) = preSolution
		{0A730CBC-07E4-40E8-AC96-C9194E08A3DC} = {7721DF86-94EB-4FA3-B1CE-B5DE324174A1}
		{9434D3CE-4C71-4A9B-B4FA-5E35F7B25628} = {76421506-C15E-44DD-ABC1-D14F45D73190}
		{7721DF86-94EB-4FA3-B1CE-B5DE324174A1} = {D0D45CFC-D397-42E9-8C68-D6292A562618}
		{918B60C6-56BF-49B0-9002-7C838085AE28} = {D0D45CFC-D397-42E9-8C68-D6292A562618}
		{BA6B014C-E709-4D7F-B8FF-630CBBBB84AA} = {D0D45CFC-D397-42E9-8C68-D6292A562618}
		{FDFB95D3-1F30-4F15-AAB2-6095C36E416C} = {D0D45CFC-D397-42E9-8C68-D6292A562618}
		{1F11C710-1BFA-418E-A617-AB00B72E2F49} = {D0D45CFC-D397-42E9-8C68-D6292A562618}
		{6EF76B33-5E76-4099-94F0-DA4199B0B0BA} = {918B60C6-56BF-49B0-9002-7C838085AE28}
		{AEF61B96-04AE-4D7B-982D-7445E91E092D} = {BA6B014C-E709-4D7F-B8FF-630CBBBB84AA}
		{E3DCABCA-7495-4D4C-82D8-82F22C2A9D3D} = {FDFB95D3-1F30-4F15-AAB2-6095C36E416C}
	EndGlobalSection
	GlobalSection(ExtensibilityGlobals) = postSolution
		SolutionGuid = {4A672AD8-BB30-41A9-A626-D56484E6D990}
	EndGlobalSection
EndGlobal
